{
    "_meta": {
        "hash": {
            "sha256": "3293f793965bda4a50213942f4d4b14911e0f3f3e5a6983a2a4c227bb5940ee9"
        },
        "host-environment-markers": {
            "implementation_name": "cpython",
            "implementation_version": "3.6.3",
            "os_name": "posix",
            "platform_machine": "x86_64",
            "platform_python_implementation": "CPython",
            "platform_release": "4.13.0-26-generic",
            "platform_system": "Linux",
            "platform_version": "#29~16.04.2-Ubuntu SMP Tue Jan 9 22:00:44 UTC 2018",
            "python_full_version": "3.6.3",
            "python_version": "3.6",
            "sys_platform": "linux"
        },
        "pipfile-spec": 6,
        "requires": {
            "python_version": "3.6"
        },
        "sources": [
            {
                "name": "pypi",
                "url": "https://pypi.python.org/simple",
                "verify_ssl": true
            }
        ]
    },
    "default": {
        "bluepy": {
            "hashes": [
                "sha256:d619205cf52107da69fd8a5200f380372fc7b22e77e2555cb9aca1682d79df70"
            ],
            "version": "==1.1.4"
        }
    },
    "develop": {}
}
